
Microsoft Visual Studio Solution File, Format Version 12.00
Project("{FAE04EC0-301F-11D3-BF4B-00C04F79EFBC}") = "SharpLinkerBackend", "SharpLinkerBackend\SharpLinkerBackend.csproj", "{4DE2E82A-CAD3-46C8-90E6-7C0905A796CF}"
EndProject
Global
	GlobalSection(SolutionConfigurationPlatforms) = preSolution
		Debug|Any CPU = Debug|Any CPU
		Release|Any CPU = Release|Any CPU
	EndGlobalSection
	GlobalSection(ProjectConfigurationPlatforms) = postSolution
		{4DE2E82A-CAD3-46C8-90E6-7C0905A796CF}.Debug|Any CPU.ActiveCfg = Debug|Any CPU
		{4DE2E82A-CAD3-46C8-90E6-7C0905A796CF}.Debug|Any CPU.Build.0 = Debug|Any CPU
		{4DE2E82A-CAD3-46C8-90E6-7C0905A796CF}.Release|Any CPU.ActiveCfg = Release|Any CPU
		{4DE2E82A-CAD3-46C8-90E6-7C0905A796CF}.Release|Any CPU.Build.0 = Release|Any CPU
	EndGlobalSection
EndGlobal
